{
  "name": "marcBanchs",
  "version": "1.0.0",
  "lockfileVersion": 1,
  "requires": true,
  "dependencies": {
    "fullpage.js": {
      "version": "3.0.9",
      "resolved": "https://registry.npmjs.org/fullpage.js/-/fullpage.js-3.0.9.tgz",
      "integrity": "sha512-CBJZwOkOjX/RToG0L93LwJW4a+/67+AqGEvEagWh1N5KRgDXEOVKlo/TJzCzSI1LsOulb7yqXE8mOzRZzqeYMA=="
    },
    "normalize.css": {
      "version": "8.0.1",
      "resolved": "https://registry.npmjs.org/normalize.css/-/normalize.css-8.0.1.tgz",
      "integrity": "sha512-qizSNPO93t1YUuUhP22btGOo3chcvDFqFaj2TRybP0DMxkHOCTYwp3n34fel4a31ORXy4m1Xq0Gyqpb5m33qIg=="
    }
  }
}
